
Microsoft Visual Studio Solution File, Format Version 12.00
# Visual Studio Version 16
VisualStudioVersion = 16.0.30503.244
MinimumVisualStudioVersion = 10.0.40219.1
Project("{FAE04EC0-301F-11D3-BF4B-00C04F79EFBC}") = "DataPersistenceLayer", "DataPersistenceLayer\DataPersistenceLayer.csproj", "{5AEEAEAA-3CB2-4EAE-B3AC-1703740CDDEE}"
EndProject
Project("{FAE04EC0-301F-11D3-BF4B-00C04F79EFBC}") = "UnitTests", "UnitTests\UnitTests.csproj", "{A9E4A035-F960-4160-80B3-62F4C2732D85}"
EndProject
Project("{FAE04EC0-301F-11D3-BF4B-00C04F79EFBC}") = "Utilities", "Utilities\Utilities.csproj", "{03A013A2-08B4-4031-84F2-CCAFB399509F}"
EndProject
Project("{FAE04EC0-301F-11D3-BF4B-00C04F79EFBC}") = "PresentationLayer", "PresentationLayer\PresentationLayer.csproj", "{F543E835-3B2C-4C20-8727-036305861CBC}"
EndProject
Global
	GlobalSection(SolutionConfigurationPlatforms) = preSolution
		Debug|Any CPU = Debug|Any CPU
		Release|Any CPU = Release|Any CPU
	EndGlobalSection
	GlobalSection(ProjectConfigurationPlatforms) = postSolution
		{5AEEAEAA-3CB2-4EAE-B3AC-1703740CDDEE}.Debug|Any CPU.ActiveCfg = Debug|Any CPU
		{5AEEAEAA-3CB2-4EAE-B3AC-1703740CDDEE}.Debug|Any CPU.Build.0 = Debug|Any CPU
		{5AEEAEAA-3CB2-4EAE-B3AC-1703740CDDEE}.Release|Any CPU.ActiveCfg = Release|Any CPU
		{5AEEAEAA-3CB2-4EAE-B3AC-1703740CDDEE}.Release|Any CPU.Build.0 = Release|Any CPU
		{A9E4A035-F960-4160-80B3-62F4C2732D85}.Debug|Any CPU.ActiveCfg = Debug|Any CPU
		{A9E4A035-F960-4160-80B3-62F4C2732D85}.Debug|Any CPU.Build.0 = Debug|Any CPU
		{A9E4A035-F960-4160-80B3-62F4C2732D85}.Release|Any CPU.ActiveCfg = Release|Any CPU
		{A9E4A035-F960-4160-80B3-62F4C2732D85}.Release|Any CPU.Build.0 = Release|Any CPU
		{03A013A2-08B4-4031-84F2-CCAFB399509F}.Debug|Any CPU.ActiveCfg = Debug|Any CPU
		{03A013A2-08B4-4031-84F2-CCAFB399509F}.Debug|Any CPU.Build.0 = Debug|Any CPU
		{03A013A2-08B4-4031-84F2-CCAFB399509F}.Release|Any CPU.ActiveCfg = Release|Any CPU
		{03A013A2-08B4-4031-84F2-CCAFB399509F}.Release|Any CPU.Build.0 = Release|Any CPU
		{F543E835-3B2C-4C20-8727-036305861CBC}.Debug|Any CPU.ActiveCfg = Debug|Any CPU
		{F543E835-3B2C-4C20-8727-036305861CBC}.Debug|Any CPU.Build.0 = Debug|Any CPU
		{F543E835-3B2C-4C20-8727-036305861CBC}.Release|Any CPU.ActiveCfg = Release|Any CPU
		{F543E835-3B2C-4C20-8727-036305861CBC}.Release|Any CPU.Build.0 = Release|Any CPU
	EndGlobalSection
	GlobalSection(SolutionProperties) = preSolution
		HideSolutionNode = FALSE
	EndGlobalSection
	GlobalSection(ExtensibilityGlobals) = postSolution
		SolutionGuid = {AAE01205-3D74-4596-AE22-C7561901D455}
	EndGlobalSection
EndGlobal
